
Microsoft Visual Studio Solution File, Format Version 12.00
# Visual Studio Version 17
VisualStudioVersion = 17.10.35004.147
MinimumVisualStudioVersion = 10.0.40219.1
Project("{FAE04EC0-301F-11D3-BF4B-00C04F79EFBC}") = "APIsJuegos", "APIsJuegos\APIsJuegos.csproj", "{D472A138-BB37-4D82-ADBC-445C5AC165A8}"
EndProject
Global
	GlobalSection(SolutionConfigurationPlatforms) = preSolution
		Debug|Any CPU = Debug|Any CPU
		Release|Any CPU = Release|Any CPU
	EndGlobalSection
	GlobalSection(ProjectConfigurationPlatforms) = postSolution
		{D472A138-BB37-4D82-ADBC-445C5AC165A8}.Debug|Any CPU.ActiveCfg = Debug|Any CPU
		{D472A138-BB37-4D82-ADBC-445C5AC165A8}.Debug|Any CPU.Build.0 = Debug|Any CPU
		{D472A138-BB37-4D82-ADBC-445C5AC165A8}.Release|Any CPU.ActiveCfg = Release|Any CPU
		{D472A138-BB37-4D82-ADBC-445C5AC165A8}.Release|Any CPU.Build.0 = Release|Any CPU
	EndGlobalSection
	GlobalSection(SolutionProperties) = preSolution
		HideSolutionNode = FALSE
	EndGlobalSection
	GlobalSection(ExtensibilityGlobals) = postSolution
		SolutionGuid = {CA8A98E3-22D5-4ED3-A00F-4FD911FA28A5}
	EndGlobalSection
EndGlobal
